
Microsoft Visual Studio Solution File, Format Version 12.00
# Visual Studio Version 17
VisualStudioVersion = 17.8.34525.116
MinimumVisualStudioVersion = 10.0.40219.1
Project("{2150E333-8FDC-42A3-9474-1A3956D46DE8}") = "ApiConsume", "ApiConsume", "{813D2BBA-74FB-4922-BD0E-5C1A979ED0BE}"
EndProject
Project("{2150E333-8FDC-42A3-9474-1A3956D46DE8}") = "Frontend", "Frontend", "{2F1E8439-1B05-4CBA-85F5-211FE2675E71}"
EndProject
Project("{2150E333-8FDC-42A3-9474-1A3956D46DE8}") = "ToDoList", "ToDoList", "{7C53B01E-309E-43D7-BB8B-181B6F5C24B8}"
EndProject
Project("{FAE04EC0-301F-11D3-BF4B-00C04F79EFBC}") = "HotelProject.WebApi", "ApiConsume\HotelProject.WebApi\HotelProject.WebApi.csproj", "{9EC332AC-5468-4149-AC2C-32D7E3E998A3}"
EndProject
Project("{FAE04EC0-301F-11D3-BF4B-00C04F79EFBC}") = "HotelProject.EntityLayer", "ApiConsume\HotelProject.EntityLayer\HotelProject.EntityLayer.csproj", "{21FF54AB-7292-4C40-8B50-14599949256C}"
EndProject
Project("{FAE04EC0-301F-11D3-BF4B-00C04F79EFBC}") = "HotelProject.DataAccessLayer", "ApiConsume\HotelProject.DataAccessLayer\HotelProject.DataAccessLayer.csproj", "{E6B1EDA1-7DD7-4241-9E9C-AF0DF6ACD364}"
EndProject
Project("{FAE04EC0-301F-11D3-BF4B-00C04F79EFBC}") = "HotelProject.BusinessLayer", "ApiConsume\HotelProject.BusinessLayer\HotelProject.BusinessLayer.csproj", "{5EA302C2-3967-4ED6-B8A5-FEE192099C14}"
EndProject
Project("{FAE04EC0-301F-11D3-BF4B-00C04F79EFBC}") = "HotelProject.DtoLayer", "ApiConsume\HotelProject.DtoLayer\HotelProject.DtoLayer.csproj", "{AB4F320F-AA9E-43D4-8ACB-72EF31E6E21D}"
EndProject
Project("{FAE04EC0-301F-11D3-BF4B-00C04F79EFBC}") = "HotelProject.WebUI", "Frontend\HotelProject.WebUI\HotelProject.WebUI.csproj", "{F98A6C40-B3E5-4723-A2F0-CF5E211642A6}"
EndProject
Global
	GlobalSection(SolutionConfigurationPlatforms) = preSolution
		Debug|Any CPU = Debug|Any CPU
		Release|Any CPU = Release|Any CPU
	EndGlobalSection
	GlobalSection(ProjectConfigurationPlatforms) = postSolution
		{9EC332AC-5468-4149-AC2C-32D7E3E998A3}.Debug|Any CPU.ActiveCfg = Debug|Any CPU
		{9EC332AC-5468-4149-AC2C-32D7E3E998A3}.Debug|Any CPU.Build.0 = Debug|Any CPU
		{9EC332AC-5468-4149-AC2C-32D7E3E998A3}.Release|Any CPU.ActiveCfg = Release|Any CPU
		{9EC332AC-5468-4149-AC2C-32D7E3E998A3}.Release|Any CPU.Build.0 = Release|Any CPU
		{21FF54AB-7292-4C40-8B50-14599949256C}.Debug|Any CPU.ActiveCfg = Debug|Any CPU
		{21FF54AB-7292-4C40-8B50-14599949256C}.Debug|Any CPU.Build.0 = Debug|Any CPU
		{21FF54AB-7292-4C40-8B50-14599949256C}.Release|Any CPU.ActiveCfg = Release|Any CPU
		{21FF54AB-7292-4C40-8B50-14599949256C}.Release|Any CPU.Build.0 = Release|Any CPU
		{E6B1EDA1-7DD7-4241-9E9C-AF0DF6ACD364}.Debug|Any CPU.ActiveCfg = Debug|Any CPU
		{E6B1EDA1-7DD7-4241-9E9C-AF0DF6ACD364}.Debug|Any CPU.Build.0 = Debug|Any CPU
		{E6B1EDA1-7DD7-4241-9E9C-AF0DF6ACD364}.Release|Any CPU.ActiveCfg = Release|Any CPU
		{E6B1EDA1-7DD7-4241-9E9C-AF0DF6ACD364}.Release|Any CPU.Build.0 = Release|Any CPU
		{5EA302C2-3967-4ED6-B8A5-FEE192099C14}.Debug|Any CPU.ActiveCfg = Debug|Any CPU
		{5EA302C2-3967-4ED6-B8A5-FEE192099C14}.Debug|Any CPU.Build.0 = Debug|Any CPU
		{5EA302C2-3967-4ED6-B8A5-FEE192099C14}.Release|Any CPU.ActiveCfg = Release|Any CPU
		{5EA302C2-3967-4ED6-B8A5-FEE192099C14}.Release|Any CPU.Build.0 = Release|Any CPU
		{AB4F320F-AA9E-43D4-8ACB-72EF31E6E21D}.Debug|Any CPU.ActiveCfg = Debug|Any CPU
		{AB4F320F-AA9E-43D4-8ACB-72EF31E6E21D}.Debug|Any CPU.Build.0 = Debug|Any CPU
		{AB4F320F-AA9E-43D4-8ACB-72EF31E6E21D}.Release|Any CPU.ActiveCfg = Release|Any CPU
		{AB4F320F-AA9E-43D4-8ACB-72EF31E6E21D}.Release|Any CPU.Build.0 = Release|Any CPU
		{F98A6C40-B3E5-4723-A2F0-CF5E211642A6}.Debug|Any CPU.ActiveCfg = Debug|Any CPU
		{F98A6C40-B3E5-4723-A2F0-CF5E211642A6}.Debug|Any CPU.Build.0 = Debug|Any CPU
		{F98A6C40-B3E5-4723-A2F0-CF5E211642A6}.Release|Any CPU.ActiveCfg = Release|Any CPU
		{F98A6C40-B3E5-4723-A2F0-CF5E211642A6}.Release|Any CPU.Build.0 = Release|Any CPU
	EndGlobalSection
	GlobalSection(SolutionProperties) = preSolution
		HideSolutionNode = FALSE
	EndGlobalSection
	GlobalSection(NestedProjects) = preSolution
		{9EC332AC-5468-4149-AC2C-32D7E3E998A3} = {813D2BBA-74FB-4922-BD0E-5C1A979ED0BE}
		{21FF54AB-7292-4C40-8B50-14599949256C} = {813D2BBA-74FB-4922-BD0E-5C1A979ED0BE}
		{E6B1EDA1-7DD7-4241-9E9C-AF0DF6ACD364} = {813D2BBA-74FB-4922-BD0E-5C1A979ED0BE}
		{5EA302C2-3967-4ED6-B8A5-FEE192099C14} = {813D2BBA-74FB-4922-BD0E-5C1A979ED0BE}
		{AB4F320F-AA9E-43D4-8ACB-72EF31E6E21D} = {813D2BBA-74FB-4922-BD0E-5C1A979ED0BE}
		{F98A6C40-B3E5-4723-A2F0-CF5E211642A6} = {2F1E8439-1B05-4CBA-85F5-211FE2675E71}
	EndGlobalSection
	GlobalSection(ExtensibilityGlobals) = postSolution
		SolutionGuid = {9F43A781-DD37-48B6-8255-37219934B430}
	EndGlobalSection
EndGlobal
